
Microsoft Visual Studio Solution File, Format Version 12.00
# Visual Studio Version 16
VisualStudioVersion = 16.0.31205.134
MinimumVisualStudioVersion = 10.0.40219.1
Project("{9A19103F-16F7-4668-BE54-9A1E7A4F7556}") = "Sandbox", "Sandbox\Sandbox.csproj", "{83FB740E-3B01-46AC-B963-1B0C6ABC4517}"
EndProject
Project("{9A19103F-16F7-4668-BE54-9A1E7A4F7556}") = "ConsoleCalculator", "ConsoleCalculator\ConsoleCalculator.csproj", "{87C5F0DF-C737-42CE-84F9-79F60F967D1D}"
EndProject
Project("{FAE04EC0-301F-11D3-BF4B-00C04F79EFBC}") = "ConsoleCalculator.Tests.MSTest", "ConsoleCalculator.Tests.MSTest\ConsoleCalculator.Tests.MSTest.csproj", "{0C16BCAB-1725-4921-96D9-D89060BFC7F6}"
EndProject
Project("{FAE04EC0-301F-11D3-BF4B-00C04F79EFBC}") = "ConsoleCalculator.Tests.NUnit", "ConsoleCalculator.Tests.NUnit\ConsoleCalculator.Tests.NUnit.csproj", "{7213BDED-F03F-47E3-97BE-4385E64E249A}"
EndProject
Global
	GlobalSection(SolutionConfigurationPlatforms) = preSolution
		Debug|Any CPU = Debug|Any CPU
		Release|Any CPU = Release|Any CPU
	EndGlobalSection
	GlobalSection(ProjectConfigurationPlatforms) = postSolution
		{83FB740E-3B01-46AC-B963-1B0C6ABC4517}.Debug|Any CPU.ActiveCfg = Debug|Any CPU
		{83FB740E-3B01-46AC-B963-1B0C6ABC4517}.Debug|Any CPU.Build.0 = Debug|Any CPU
		{83FB740E-3B01-46AC-B963-1B0C6ABC4517}.Release|Any CPU.ActiveCfg = Release|Any CPU
		{83FB740E-3B01-46AC-B963-1B0C6ABC4517}.Release|Any CPU.Build.0 = Release|Any CPU
		{87C5F0DF-C737-42CE-84F9-79F60F967D1D}.Debug|Any CPU.ActiveCfg = Debug|Any CPU
		{87C5F0DF-C737-42CE-84F9-79F60F967D1D}.Debug|Any CPU.Build.0 = Debug|Any CPU
		{87C5F0DF-C737-42CE-84F9-79F60F967D1D}.Release|Any CPU.ActiveCfg = Release|Any CPU
		{87C5F0DF-C737-42CE-84F9-79F60F967D1D}.Release|Any CPU.Build.0 = Release|Any CPU
		{0C16BCAB-1725-4921-96D9-D89060BFC7F6}.Debug|Any CPU.ActiveCfg = Debug|Any CPU
		{0C16BCAB-1725-4921-96D9-D89060BFC7F6}.Debug|Any CPU.Build.0 = Debug|Any CPU
		{0C16BCAB-1725-4921-96D9-D89060BFC7F6}.Release|Any CPU.ActiveCfg = Release|Any CPU
		{0C16BCAB-1725-4921-96D9-D89060BFC7F6}.Release|Any CPU.Build.0 = Release|Any CPU
		{7213BDED-F03F-47E3-97BE-4385E64E249A}.Debug|Any CPU.ActiveCfg = Debug|Any CPU
		{7213BDED-F03F-47E3-97BE-4385E64E249A}.Debug|Any CPU.Build.0 = Debug|Any CPU
		{7213BDED-F03F-47E3-97BE-4385E64E249A}.Release|Any CPU.ActiveCfg = Release|Any CPU
		{7213BDED-F03F-47E3-97BE-4385E64E249A}.Release|Any CPU.Build.0 = Release|Any CPU
	EndGlobalSection
	GlobalSection(SolutionProperties) = preSolution
		HideSolutionNode = FALSE
	EndGlobalSection
	GlobalSection(ExtensibilityGlobals) = postSolution
		SolutionGuid = {3950A8AE-0C3B-4415-8ECF-2335644257BC}
	EndGlobalSection
EndGlobal
